github.com/astaxie/beego v1.10.1 h1:M2ciUnyiZycuTpGEA+idJF0gX24h58EbPvGqjnO/DCg=
github.com/astaxie/beego v1.10.1/go.mod h1:0R4++1tUqERR0WYFWdfkcrsyoVBCG4DgpDGokT3yb+U=
github.com/chenwj93/eureka v0.0.0-20190112075950-502f32b60c64 h1:xgWB2HSicWPt3ddgTLKvmmDNOtpTCHB5CxFKD+xFqE4=
github.com/chenwj93/eureka v0.0.0-20190112075950-502f32b60c64/go.mod h1:QLN1VG2WqUs0XkW5bpxplLl0kZjQh21EDyXY4pB4jIk=
github.com/chenwj93/utils v1.0.0 h1:kUtxhaflAUMy7UXe8XT3b2R2RFUQWKlhqQjqrLuwkG0=
github.com/chenwj93/utils v1.0.0/go.mod h1:F5t2L6YVe5XykNlAciuLuFOjotm1G20JoszdWmjtfmE=
github.com/chenwj93/utils v1.0.1 h1:lopOUgJXb9NGK7hImlGHM4gOZvFZKdVIfYPCFvHn2mM=
github.com/chenwj93/utils v1.0.1/go.mod h1:Vu0NFSDyBvFjfMIvCnO1+oOa4QO3l0E0VbnJrDFIiPM=
github.com/go-redis/redis v6.14.1+incompatible h1:kSJohAREGMr344uMa8PzuIg5OU6ylCbyDkWkkNOfEik=
github.com/go-redis/redis v6.14.1+incompatible/go.mod h1:NAIEuMOZ/fxfXJIrKDQDz8wamY7mA7PouImQ2Jvg6kA=
github.com/go-sql-driver/mysql v0.0.0-20170601062616-e3f0fdcf5277 h1:iyn7/ic9EiOvSVtkkuWHXWo6vUCoe73uiSzgWBqHKBQ=
github.com/go-sql-driver/mysql v0.0.0-20170601062616-e3f0fdcf5277/go.mod h1:zAC/RDZ24gD3HViQzih4MyKcchzm+sOG5ZlKdlhCg5w=
github.com/satori/go.uuid v1.2.0 h1:0uYX9dsZ2yD7q2RtLRtPSdGDWzjeM3TbMJP9utgA0ww=
github.com/satori/go.uuid v1.2.0/go.mod h1:dA0hQrYB0VpLJoorglMZABFdXlWrHn1NEOzdhQKdks0=
